{
  "../../forge/uniswap_milestone1/lib/forge-std": {
    "rev": "620536fa5277db4e3fd46772d5cbc1ea0696fb43"
  },
  "../../forge/uniswap_milestone1/lib/solmate": {
    "rev": "89365b880c4f3c786bdd453d4b8e8fe410344a69"
  },
  "../erc721/lib/forge-std": {
    "rev": "620536fa5277db4e3fd46772d5cbc1ea0696fb43"
  },
  "../flashloans/lib/abdk-libraries-solidity": {
    "rev": "5e1e7c11b35f8313d3f7ce11c1b86320d7c0b554"
  },
  "../flashloans/lib/forge-std": {
    "rev": "620536fa5277db4e3fd46772d5cbc1ea0696fb43"
  },
  "../flashloans/lib/prb-math": {
    "rev": "e33a042e4d1673fe9b333830b75c4765ccf3f5f2"
  },
  "../flashloans/lib/solmate": {
    "rev": "89365b880c4f3c786bdd453d4b8e8fe410344a69"
  },
  "../multipoolswaps/lib/abdk-libraries-solidity": {
    "rev": "5e1e7c11b35f8313d3f7ce11c1b86320d7c0b554"
  },
  "../multipoolswaps/lib/forge-std": {
    "rev": "620536fa5277db4e3fd46772d5cbc1ea0696fb43"
  },
  "../multipoolswaps/lib/prb-math": {
    "rev": "e33a042e4d1673fe9b333830b75c4765ccf3f5f2"
  },
  "../multipoolswaps/lib/solidity-bytes-utils": {
    "rev": "f4413cd6137b78403e3a1156bee6aceab46b46fa"
  },
  "../multipoolswaps/lib/solmate": {
    "rev": "89365b880c4f3c786bdd453d4b8e8fe410344a69"
  },
  "../quotecontract/lib/forge-std": {
    "rev": "620536fa5277db4e3fd46772d5cbc1ea0696fb43"
  },
  "../quotecontract/lib/prb-math": {
    "rev": "e33a042e4d1673fe9b333830b75c4765ccf3f5f2"
  },
  "../quotecontract/lib/solmate": {
    "rev": "89365b880c4f3c786bdd453d4b8e8fe410344a69"
  },
  "lib/abdk-libraries-solidity": {
    "rev": "5e1e7c11b35f8313d3f7ce11c1b86320d7c0b554"
  },
  "lib/forge-std": {
    "tag": {
      "name": "v1.16.1",
      "rev": "620536fa5277db4e3fd46772d5cbc1ea0696fb43"
    }
  },
  "lib/prb-math": {
    "tag": {
      "name": "v4.1.1",
      "rev": "b51e8631ed28d3cc917c491dd47cd6c3ff652edc"
    }
  },
  "lib/solidity-bytes-utils": {
    "tag": {
      "name": "v0.8.4",
      "rev": "f4413cd6137b78403e3a1156bee6aceab46b46fa"
    }
  },
  "lib/solmate": {
    "rev": "89365b880c4f3c786bdd453d4b8e8fe410344a69"
  }
}